
Microsoft Visual Studio Solution File, Format Version 12.00
# Visual Studio Version 17
VisualStudioVersion = 17.10.35004.147
MinimumVisualStudioVersion = 10.0.40219.1
Project("{FAE04EC0-301F-11D3-BF4B-00C04F79EFBC}") = "CarSalesApi", "CarSalesApi.csproj", "{0EEDD126-3E7A-496D-909C-DB53ADC26E7C}"
EndProject
Global
	GlobalSection(SolutionConfigurationPlatforms) = preSolution
		Debug|Any CPU = Debug|Any CPU
		Release|Any CPU = Release|Any CPU
	EndGlobalSection
	GlobalSection(ProjectConfigurationPlatforms) = postSolution
		{0EEDD126-3E7A-496D-909C-DB53ADC26E7C}.Debug|Any CPU.ActiveCfg = Debug|Any CPU
		{0EEDD126-3E7A-496D-909C-DB53ADC26E7C}.Debug|Any CPU.Build.0 = Debug|Any CPU
		{0EEDD126-3E7A-496D-909C-DB53ADC26E7C}.Release|Any CPU.ActiveCfg = Release|Any CPU
		{0EEDD126-3E7A-496D-909C-DB53ADC26E7C}.Release|Any CPU.Build.0 = Release|Any CPU
	EndGlobalSection
	GlobalSection(SolutionProperties) = preSolution
		HideSolutionNode = FALSE
	EndGlobalSection
	GlobalSection(ExtensibilityGlobals) = postSolution
		SolutionGuid = {72B78EAF-6222-45E5-B363-AAA4965D55B1}
	EndGlobalSection
EndGlobal
